# THIS IS AN AUTOGENERATED FILE. DO NOT EDIT THIS FILE DIRECTLY.
# yarn lockfile v1


reactotron-redux-saga@^4.2.2:
  version "4.2.2"
  resolved "https://registry.yarnpkg.com/reactotron-redux-saga/-/reactotron-redux-saga-4.2.2.tgz#09072b4f43520db9646550937c7195d9b44bf81e"
  integrity sha512-5BHi7Fj+8WOB3bMfr9lshQD9ml1aZnwk74GJpcOATxxMeHevp26ethaLsP0pPv+B6Ojqw7QLMEBX09B3u+z1Bg==
